Microsoft Visual Studio Solution File, Format Version 12.00
# Visual Studio Version 17
VisualStudioVersion = 17.5.2.0
MinimumVisualStudioVersion = 10.0.40219.1
Project("{FAE04EC0-301F-11D3-BF4B-00C04F79EFBC}") = "UpdatesApi", "UpdatesApi.csproj", "{92EE49A3-771C-B916-E3BB-9925701BE622}"
EndProject
Global
	GlobalSection(SolutionConfigurationPlatforms) = preSolution
		Debug|Any CPU = Debug|Any CPU
		Release|Any CPU = Release|Any CPU
	EndGlobalSection
	GlobalSection(ProjectConfigurationPlatforms) = postSolution
		{92EE49A3-771C-B916-E3BB-9925701BE622}.Debug|Any CPU.ActiveCfg = Debug|Any CPU
		{92EE49A3-771C-B916-E3BB-9925701BE622}.Debug|Any CPU.Build.0 = Debug|Any CPU
		{92EE49A3-771C-B916-E3BB-9925701BE622}.Release|Any CPU.ActiveCfg = Release|Any CPU
		{92EE49A3-771C-B916-E3BB-9925701BE622}.Release|Any CPU.Build.0 = Release|Any CPU
	EndGlobalSection
	GlobalSection(SolutionProperties) = preSolution
		HideSolutionNode = FALSE
	EndGlobalSection
	GlobalSection(ExtensibilityGlobals) = postSolution
		SolutionGuid = {265E6DEA-0D77-45E3-8247-DBA1EEA0C9BA}
	EndGlobalSection
EndGlobal
